// !$*UTF8*$!
{
	archiveVersion = 1;
	classes = {
	};
	objectVersion = 50;
	objects = {

/* Begin PBXBuildFile section */
		8421AD0D251E8AFD0027FF78 /* SentMemesTableVC.swift in Sources */ = {isa = PBXBuildFile; fileRef = 8421AD0C251E8AFD0027FF78 /* SentMemesTableVC.swift */; };
		8421AD10251FED560027FF78 /* SentMemesCollectionVC.swift in Sources */ = {isa = PBXBuildFile; fileRef = 8421AD0F251FED560027FF78 /* SentMemesCollectionVC.swift */; };
		8421AD1A2520531B0027FF78 /* MemeCell.swift in Sources */ = {isa = PBXBuildFile; fileRef = 8421AD192520531B0027FF78 /* MemeCell.swift */; };
		8421AD1C2522B4100027FF78 /* MemeDetailVC.swift in Sources */ = {isa = PBXBuildFile; fileRef = 8421AD1B2522B4100027FF78 /* MemeDetailVC.swift */; };
		842843DD24F4CE8100E50167 /* AppDelegate.swift in Sources */ = {isa = PBXBuildFile; fileRef = 842843DC24F4CE8100E50167 /* AppDelegate.swift */; };
		842843DF24F4CE8100E50167 /* SceneDelegate.swift in Sources */ = {isa = PBXBuildFile; fileRef = 842843DE24F4CE8100E50167 /* SceneDelegate.swift */; };
		842843E124F4CE8100E50167 /* MemeEditorVC.swift in Sources */ = {isa = PBXBuildFile; fileRef = 842843E024F4CE8100E50167 /* MemeEditorVC.swift */; };
		842843E424F4CE8100E50167 /* Main.storyboard in Resources */ = {isa = PBXBuildFile; fileRef = 842843E224F4CE8100E50167 /* Main.storyboard */; };
		842843E624F4CE8300E50167 /* Assets.xcassets in Resources */ = {isa = PBXBuildFile; fileRef = 842843E524F4CE8300E50167 /* Assets.xcassets */; };
		842843E924F4CE8300E50167 /* LaunchScreen.storyboard in Resources */ = {isa = PBXBuildFile; fileRef = 842843E724F4CE8300E50167 /* LaunchScreen.storyboard */; };
		842843F424F4CE8300E50167 /* MemeMe_V1_0Tests.swift in Sources */ = {isa = PBXBuildFile; fileRef = 842843F324F4CE8300E50167 /* MemeMe_V1_0Tests.swift */; };
		842843FF24FC8FA700E50167 /* TextFieldDelegate.swift in Sources */ = {isa = PBXBuildFile; fileRef = 842843FE24FC8FA700E50167 /* TextFieldDelegate.swift */; };
		8428440125053EE300E50167 /* MemeStruct.swift in Sources */ = {isa = PBXBuildFile; fileRef = 8428440025053EE300E50167 /* MemeStruct.swift */; };
/* End PBXBuildFile section */

/* Begin PBXContainerItemProxy section */
		842843F024F4CE8300E50167 /* PBXContainerItemProxy */ = {
			isa = PBXContainerItemProxy;
			containerPortal = 842843D124F4CE8100E50167 /* Project object */;
			proxyType = 1;
			remoteGlobalIDString = 842843D824F4CE8100E50167;
			remoteInfo = "MemeMe V1.0";
		};
/* End PBXContainerItemProxy section */

/* Begin PBXFileReference section */
		8421AD0C251E8AFD0027FF78 /* SentMemesTableVC.swift */ = {isa = PBXFileReference; lastKnownFileType = sourcecode.swift; path = SentMemesTableVC.swift; sourceTree = "<group>"; };
		8421AD0F251FED560027FF78 /* SentMemesCollectionVC.swift */ = {isa = PBXFileReference; lastKnownFileType = sourcecode.swift; path = SentMemesCollectionVC.swift; sourceTree = "<group>"; };
		8421AD192520531B0027FF78 /* MemeCell.swift */ = {isa = PBXFileReference; lastKnownFileType = sourcecode.swift; path = MemeCell.swift; sourceTree = "<group>"; };
		8421AD1B2522B4100027FF78 /* MemeDetailVC.swift */ = {isa = PBXFileReference; lastKnownFileType = sourcecode.swift; path = MemeDetailVC.swift; sourceTree = "<group>"; };
		842843D924F4CE8100E50167 /* MemeMe V2.0.app */ = {isa = PBXFileReference; explicitFileType = wrapper.application; includeInIndex = 0; path = "MemeMe V2.0.app"; sourceTree = BUILT_PRODUCTS_DIR; };
		842843DC24F4CE8100E50167 /* AppDelegate.swift */ = {isa = PBXFileReference; lastKnownFileType = sourcecode.swift; path = AppDelegate.swift; sourceTree = "<group>"; };
		842843DE24F4CE8100E50167 /* SceneDelegate.swift */ = {isa = PBXFileReference; lastKnownFileType = sourcecode.swift; path = SceneDelegate.swift; sourceTree = "<group>"; };
		842843E024F4CE8100E50167 /* MemeEditorVC.swift */ = {isa = PBXFileReference; lastKnownFileType = sourcecode.swift; path = MemeEditorVC.swift; sourceTree = "<group>"; };
		842843E324F4CE8100E50167 /* Base */ = {isa = PBXFileReference; lastKnownFileType = file.storyboard; name = Base; path = Base.lproj/Main.storyboard; sourceTree = "<group>"; };
		842843E524F4CE8300E50167 /* Assets.xcassets */ = {isa = PBXFileReference; lastKnownFileType = folder.assetcatalog; path = Assets.xcassets; sourceTree = "<group>"; };
		842843E824F4CE8300E50167 /* Base */ = {isa = PBXFileReference; lastKnownFileType = file.storyboard; name = Base; path = Base.lproj/LaunchScreen.storyboard; sourceTree = "<group>"; };
		842843EA24F4CE8300E50167 /* Info.plist */ = {isa = PBXFileReference; lastKnownFileType = text.plist.xml; path = Info.plist; sourceTree = "<group>"; };
		842843EF24F4CE8300E50167 /* MemeMe V2.0Tests.xctest */ = {isa = PBXFileReference; explicitFileType = wrapper.cfbundle; includeInIndex = 0; path = "MemeMe V2.0Tests.xctest"; sourceTree = BUILT_PRODUCTS_DIR; };
		842843F324F4CE8300E50167 /* MemeMe_V1_0Tests.swift */ = {isa = PBXFileReference; lastKnownFileType = sourcecode.swift; path = MemeMe_V1_0Tests.swift; sourceTree = "<group>"; };
		842843F524F4CE8300E50167 /* Info.plist */ = {isa = PBXFileReference; lastKnownFileType = text.plist.xml; path = Info.plist; sourceTree = "<group>"; };
		842843FE24FC8FA700E50167 /* TextFieldDelegate.swift */ = {isa = PBXFileReference; lastKnownFileType = sourcecode.swift; path = TextFieldDelegate.swift; sourceTree = "<group>"; };
		8428440025053EE300E50167 /* MemeStruct.swift */ = {isa = PBXFileReference; lastKnownFileType = sourcecode.swift; path = MemeStruct.swift; sourceTree = "<group>"; };
/* End PBXFileReference section */

/* Begin PBXFrameworksBuildPhase section */
		842843D624F4CE8100E50167 /* Frameworks */ = {
			isa = PBXFrameworksBuildPhase;
			buildActionMask = 2147483647;
			files = (
			);
			runOnlyForDeploymentPostprocessing = 0;
		};
		842843EC24F4CE8300E50167 /* Frameworks */ = {
			isa = PBXFrameworksBuildPhase;
			buildActionMask = 2147483647;
			files = (
			);
			runOnlyForDeploymentPostprocessing = 0;
		};
/* End PBXFrameworksBuildPhase section */

/* Begin PBXGroup section */
		8421AD0E251FED060027FF78 /* View Controllers */ = {
			isa = PBXGroup;
			children = (
				842843E024F4CE8100E50167 /* MemeEditorVC.swift */,
				8421AD0C251E8AFD0027FF78 /* SentMemesTableVC.swift */,
				8421AD0F251FED560027FF78 /* SentMemesCollectionVC.swift */,
				8421AD1B2522B4100027FF78 /* MemeDetailVC.swift */,
			);
			path = "View Controllers";
			sourceTree = "<group>";
		};
		842843D024F4CE8100E50167 = {
			isa = PBXGroup;
			children = (
				8421AD192520531B0027FF78 /* MemeCell.swift */,
				842843DB24F4CE8100E50167 /* MemeMe V2.0 */,
				842843F224F4CE8300E50167 /* MemeMe V2.0Tests */,
				842843DA24F4CE8100E50167 /* Products */,
			);
			sourceTree = "<group>";
		};
		842843DA24F4CE8100E50167 /* Products */ = {
			isa = PBXGroup;
			children = (
				842843D924F4CE8100E50167 /* MemeMe V2.0.app */,
				842843EF24F4CE8300E50167 /* MemeMe V2.0Tests.xctest */,
			);
			name = Products;
			sourceTree = "<group>";
		};
		842843DB24F4CE8100E50167 /* MemeMe V2.0 */ = {
			isa = PBXGroup;
			children = (
				842843DC24F4CE8100E50167 /* AppDelegate.swift */,
				842843DE24F4CE8100E50167 /* SceneDelegate.swift */,
				8421AD0E251FED060027FF78 /* View Controllers */,
				842843FE24FC8FA700E50167 /* TextFieldDelegate.swift */,
				8428440025053EE300E50167 /* MemeStruct.swift */,
				842843E224F4CE8100E50167 /* Main.storyboard */,
				842843E524F4CE8300E50167 /* Assets.xcassets */,
				842843E724F4CE8300E50167 /* LaunchScreen.storyboard */,
				842843EA24F4CE8300E50167 /* Info.plist */,
			);
			path = "MemeMe V2.0";
			sourceTree = "<group>";
		};
		842843F224F4CE8300E50167 /* MemeMe V2.0Tests */ = {
			isa = PBXGroup;
			children = (
				842843F324F4CE8300E50167 /* MemeMe_V1_0Tests.swift */,
				842843F524F4CE8300E50167 /* Info.plist */,
			);
			path = "MemeMe V2.0Tests";
			sourceTree = "<group>";
		};
/* End PBXGroup section */

/* Begin PBXNativeTarget section */
		842843D824F4CE8100E50167 /* MemeMe V2.0 */ = {
			isa = PBXNativeTarget;
			buildConfigurationList = 842843F824F4CE8300E50167 /* Build configuration list for PBXNativeTarget "MemeMe V2.0" */;
			buildPhases = (
				842843D524F4CE8100E50167 /* Sources */,
				842843D624F4CE8100E50167 /* Frameworks */,
				842843D724F4CE8100E50167 /* Resources */,
			);
			buildRules = (
			);
			dependencies = (
			);
			name = "MemeMe V2.0";
			productName = "MemeMe V1.0";
			productReference = 842843D924F4CE8100E50167 /* MemeMe V2.0.app */;
			productType = "com.apple.product-type.application";
		};
		842843EE24F4CE8300E50167 /* MemeMe V2.0Tests */ = {
			isa = PBXNativeTarget;
			buildConfigurationList = 842843FB24F4CE8300E50167 /* Build configuration list for PBXNativeTarget "MemeMe V2.0Tests" */;
			buildPhases = (
				842843EB24F4CE8300E50167 /* Sources */,
				842843EC24F4CE8300E50167 /* Frameworks */,
				842843ED24F4CE8300E50167 /* Resources */,
			);
			buildRules = (
			);
			dependencies = (
				842843F124F4CE8300E50167 /* PBXTargetDependency */,
			);
			name = "MemeMe V2.0Tests";
			productName = "MemeMe V1.0Tests";
			productReference = 842843EF24F4CE8300E50167 /* MemeMe V2.0Tests.xctest */;
			productType = "com.apple.product-type.bundle.unit-test";
		};
/* End PBXNativeTarget section */

/* Begin PBXProject section */
		842843D124F4CE8100E50167 /* Project object */ = {
			isa = PBXProject;
			attributes = {
				LastSwiftUpdateCheck = 1130;
				LastUpgradeCheck = 1130;
				ORGANIZATIONNAME = Com.JeremyKievit;
				TargetAttributes = {
					842843D824F4CE8100E50167 = {
						CreatedOnToolsVersion = 11.3;
					};
					842843EE24F4CE8300E50167 = {
						CreatedOnToolsVersion = 11.3;
						TestTargetID = 842843D824F4CE8100E50167;
					};
				};
			};
			buildConfigurationList = 842843D424F4CE8100E50167 /* Build configuration list for PBXProject "MemeMe V2.0" */;
			compatibilityVersion = "Xcode 9.3";
			developmentRegion = en;
			hasScannedForEncodings = 0;
			knownRegions = (
				en,
				Base,
			);
			mainGroup = 842843D024F4CE8100E50167;
			productRefGroup = 842843DA24F4CE8100E50167 /* Products */;
			projectDirPath = "";
			projectRoot = "";
			targets = (
				842843D824F4CE8100E50167 /* MemeMe V2.0 */,
				842843EE24F4CE8300E50167 /* MemeMe V2.0Tests */,
			);
		};
/* End PBXProject section */

/* Begin PBXResourcesBuildPhase section */
		842843D724F4CE8100E50167 /* Resources */ = {
			isa = PBXResourcesBuildPhase;
			buildActionMask = 2147483647;
			files = (
				842843E924F4CE8300E50167 /* LaunchScreen.storyboard in Resources */,
				842843E624F4CE8300E50167 /* Assets.xcassets in Resources */,
				842843E424F4CE8100E50167 /* Main.storyboard in Resources */,
			);
			runOnlyForDeploymentPostprocessing = 0;
		};
		842843ED24F4CE8300E50167 /* Resources */ = {
			isa = PBXResourcesBuildPhase;
			buildActionMask = 2147483647;
			files = (
			);
			runOnlyForDeploymentPostprocessing = 0;
		};
/* End PBXResourcesBuildPhase section */

/* Begin PBXSourcesBuildPhase section */
		842843D524F4CE8100E50167 /* Sources */ = {
			isa = PBXSourcesBuildPhase;
			buildActionMask = 2147483647;
			files = (
				8421AD1C2522B4100027FF78 /* MemeDetailVC.swift in Sources */,
				842843E124F4CE8100E50167 /* MemeEditorVC.swift in Sources */,
				842843DD24F4CE8100E50167 /* AppDelegate.swift in Sources */,
				8421AD0D251E8AFD0027FF78 /* SentMemesTableVC.swift in Sources */,
				842843FF24FC8FA700E50167 /* TextFieldDelegate.swift in Sources */,
				8428440125053EE300E50167 /* MemeStruct.swift in Sources */,
				8421AD1A2520531B0027FF78 /* MemeCell.swift in Sources */,
				8421AD10251FED560027FF78 /* SentMemesCollectionVC.swift in Sources */,
				842843DF24F4CE8100E50167 /* SceneDelegate.swift in Sources */,
			);
			runOnlyForDeploymentPostprocessing = 0;
		};
		842843EB24F4CE8300E50167 /* Sources */ = {
			isa = PBXSourcesBuildPhase;
			buildActionMask = 2147483647;
			files = (
				842843F424F4CE8300E50167 /* MemeMe_V1_0Tests.swift in Sources */,
			);
			runOnlyForDeploymentPostprocessing = 0;
		};
/* End PBXSourcesBuildPhase section */

/* Begin PBXTargetDependency section */
		842843F124F4CE8300E50167 /* PBXTargetDependency */ = {
			isa = PBXTargetDependency;
			target = 842843D824F4CE8100E50167 /* MemeMe V2.0 */;
			targetProxy = 842843F024F4CE8300E50167 /* PBXContainerItemProxy */;
		};
/* End PBXTargetDependency section */

/* Begin PBXVariantGroup section */
		842843E224F4CE8100E50167 /* Main.storyboard */ = {
			isa = PBXVariantGroup;
			children = (
				842843E324F4CE8100E50167 /* Base */,
			);
			name = Main.storyboard;
			sourceTree = "<group>";
		};
		842843E724F4CE8300E50167 /* LaunchScreen.storyboard */ = {
			isa = PBXVariantGroup;
			children = (
				842843E824F4CE8300E50167 /* Base */,
			);
			name = LaunchScreen.storyboard;
			sourceTree = "<group>";
		};
/* End PBXVariantGroup section */

/* Begin XCBuildConfiguration section */
		842843F624F4CE8300E50167 /* Debug */ = {
			isa = XCBuildConfiguration;
			buildSettings = {
				ALWAYS_SEARCH_USER_PATHS = NO;
				CLANG_ANALYZER_NONNULL = YES;
				CLANG_ANALYZER_NUMBER_OBJECT_CONVERSION = YES_AGGRESSIVE;
				CLANG_CXX_LANGUAGE_STANDARD = "gnu++14";
				CLANG_CXX_LIBRARY = "libc++";
				CLANG_ENABLE_MODULES = YES;
				CLANG_ENABLE_OBJC_ARC = YES;
				CLANG_ENABLE_OBJC_WEAK = YES;
				CLANG_WARN_BLOCK_CAPTURE_AUTORELEASING = YES;
				CLANG_WARN_BOOL_CONVERSION = YES;
				CLANG_WARN_COMMA = YES;
				CLANG_WARN_CONSTANT_CONVERSION = YES;
				CLANG_WARN_DEPRECATED_OBJC_IMPLEMENTATIONS = YES;
				CLANG_WARN_DIRECT_OBJC_ISA_USAGE = YES_ERROR;
				CLANG_WARN_DOCUMENTATION_COMMENTS = YES;
				CLANG_WARN_EMPTY_BODY = YES;
				CLANG_WARN_ENUM_CONVERSION = YES;
				CLANG_WARN_INFINITE_RECURSION = YES;
				CLANG_WARN_INT_CONVERSION = YES;
				CLANG_WARN_NON_LITERAL_NULL_CONVERSION = YES;
				CLANG_WARN_OBJC_IMPLICIT_RETAIN_SELF = YES;
				CLANG_WARN_OBJC_LITERAL_CONVERSION = YES;
				CLANG_WARN_OBJC_ROOT_CLASS = YES_ERROR;
				CLANG_WARN_RANGE_LOOP_ANALYSIS = YES;
				CLANG_WARN_STRICT_PROTOTYPES = YES;
				CLANG_WARN_SUSPICIOUS_MOVE = YES;
				CLANG_WARN_UNGUARDED_AVAILABILITY = YES_AGGRESSIVE;
				CLANG_WARN_UNREACHABLE_CODE = YES;
				CLANG_WARN__DUPLICATE_METHOD_MATCH = YES;
				COPY_PHASE_STRIP = NO;
				DEBUG_INFORMATION_FORMAT = dwarf;
				ENABLE_STRICT_OBJC_MSGSEND = YES;
				ENABLE_TESTABILITY = YES;
				GCC_C_LANGUAGE_STANDARD = gnu11;
				GCC_DYNAMIC_NO_PIC = NO;
				GCC_NO_COMMON_BLOCKS = YES;
				GCC_OPTIMIZATION_LEVEL = 0;
				GCC_PREPROCESSOR_DEFINITIONS = (
					"DEBUG=1",
					"$(inherited)",
				);
				GCC_WARN_64_TO_32_BIT_CONVERSION = YES;
				GCC_WARN_ABOUT_RETURN_TYPE = YES_ERROR;
				GCC_WARN_UNDECLARED_SELECTOR = YES;
				GCC_WARN_UNINITIALIZED_AUTOS = YES_AGGRESSIVE;
				GCC_WARN_UNUSED_FUNCTION = YES;
				GCC_WARN_UNUSED_VARIABLE = YES;
				IPHONEOS_DEPLOYMENT_TARGET = 13.2;
				MTL_ENABLE_DEBUG_INFO = INCLUDE_SOURCE;
				MTL_FAST_MATH = YES;
				ONLY_ACTIVE_ARCH = YES;
				SDKROOT = iphoneos;
				SWIFT_ACTIVE_COMPILATION_CONDITIONS = DEBUG;
				SWIFT_OPTIMIZATION_LEVEL = "-Onone";
			};
			name = Debug;
		};
		842843F724F4CE8300E50167 /* Release */ = {
			isa = XCBuildConfiguration;
			buildSettings = {
				ALWAYS_SEARCH_USER_PATHS = NO;
				CLANG_ANALYZER_NONNULL = YES;
				CLANG_ANALYZER_NUMBER_OBJECT_CONVERSION = YES_AGGRESSIVE;
				CLANG_CXX_LANGUAGE_STANDARD = "gnu++14";
				CLANG_CXX_LIBRARY = "libc++";
				CLANG_ENABLE_MODULES = YES;
				CLANG_ENABLE_OBJC_ARC = YES;
				CLANG_ENABLE_OBJC_WEAK = YES;
				CLANG_WARN_BLOCK_CAPTURE_AUTORELEASING = YES;
				CLANG_WARN_BOOL_CONVERSION = YES;
				CLANG_WARN_COMMA = YES;
				CLANG_WARN_CONSTANT_CONVERSION = YES;
				CLANG_WARN_DEPRECATED_OBJC_IMPLEMENTATIONS = YES;
				CLANG_WARN_DIRECT_OBJC_ISA_USAGE = YES_ERROR;
				CLANG_WARN_DOCUMENTATION_COMMENTS = YES;
				CLANG_WARN_EMPTY_BODY = YES;
				CLANG_WARN_ENUM_CONVERSION = YES;
				CLANG_WARN_INFINITE_RECURSION = YES;
				CLANG_WARN_INT_CONVERSION = YES;
				CLANG_WARN_NON_LITERAL_NULL_CONVERSION = YES;
				CLANG_WARN_OBJC_IMPLICIT_RETAIN_SELF = YES;
				CLANG_WARN_OBJC_LITERAL_CONVERSION = YES;
				CLANG_WARN_OBJC_ROOT_CLASS = YES_ERROR;
				CLANG_WARN_RANGE_LOOP_ANALYSIS = YES;
				CLANG_WARN_STRICT_PROTOTYPES = YES;
				CLANG_WARN_SUSPICIOUS_MOVE = YES;
				CLANG_WARN_UNGUARDED_AVAILABILITY = YES_AGGRESSIVE;
				CLANG_WARN_UNREACHABLE_CODE = YES;
				CLANG_WARN__DUPLICATE_METHOD_MATCH = YES;
				COPY_PHASE_STRIP = NO;
				DEBUG_INFORMATION_FORMAT = "dwarf-with-dsym";
				ENABLE_NS_ASSERTIONS = NO;
				ENABLE_STRICT_OBJC_MSGSEND = YES;
				GCC_C_LANGUAGE_STANDARD = gnu11;
				GCC_NO_COMMON_BLOCKS = YES;
				GCC_WARN_64_TO_32_BIT_CONVERSION = YES;
				GCC_WARN_ABOUT_RETURN_TYPE = YES_ERROR;
				GCC_WARN_UNDECLARED_SELECTOR = YES;
				GCC_WARN_UNINITIALIZED_AUTOS = YES_AGGRESSIVE;
				GCC_WARN_UNUSED_FUNCTION = YES;
				GCC_WARN_UNUSED_VARIABLE = YES;
				IPHONEOS_DEPLOYMENT_TARGET = 13.2;
				MTL_ENABLE_DEBUG_INFO = NO;
				MTL_FAST_MATH = YES;
				SDKROOT = iphoneos;
				SWIFT_COMPILATION_MODE = wholemodule;
				SWIFT_OPTIMIZATION_LEVEL = "-O";
				VALIDATE_PRODUCT = YES;
			};
			name = Release;
		};
		842843F924F4CE8300E50167 /* Debug */ = {
			isa = XCBuildConfiguration;
			buildSettings = {
				ASSETCATALOG_COMPILER_APPICON_NAME = AppIcon;
				CODE_SIGN_STYLE = Automatic;
				DEVELOPMENT_TEAM = RGXV87MU63;
				INFOPLIST_FILE = "MemeMe V2.0/Info.plist";
				LD_RUNPATH_SEARCH_PATHS = (
					"$(inherited)",
					"@executable_path/Frameworks",
				);
				PRODUCT_BUNDLE_IDENTIFIER = "com.example.MemeMe-V2-0";
				PRODUCT_NAME = "$(TARGET_NAME)";
				SWIFT_VERSION = 5.0;
				TARGETED_DEVICE_FAMILY = "1,2";
			};
			name = Debug;
		};
		842843FA24F4CE8300E50167 /* Release */ = {
			isa = XCBuildConfiguration;
			buildSettings = {
				ASSETCATALOG_COMPILER_APPICON_NAME = AppIcon;
				CODE_SIGN_STYLE = Automatic;
				DEVELOPMENT_TEAM = RGXV87MU63;
				INFOPLIST_FILE = "MemeMe V2.0/Info.plist";
				LD_RUNPATH_SEARCH_PATHS = (
					"$(inherited)",
					"@executable_path/Frameworks",
				);
				PRODUCT_BUNDLE_IDENTIFIER = "com.example.MemeMe-V2-0";
				PRODUCT_NAME = "$(TARGET_NAME)";
				SWIFT_VERSION = 5.0;
				TARGETED_DEVICE_FAMILY = "1,2";
			};
			name = Release;
		};
		842843FC24F4CE8300E50167 /* Debug */ = {
			isa = XCBuildConfiguration;
			buildSettings = {
				ALWAYS_EMBED_SWIFT_STANDARD_LIBRARIES = YES;
				BUNDLE_LOADER = "$(TEST_HOST)";
				CODE_SIGN_STYLE = Automatic;
				DEVELOPMENT_TEAM = RGXV87MU63;
				INFOPLIST_FILE = "MemeMe V1.0Tests/Info.plist";
				IPHONEOS_DEPLOYMENT_TARGET = 13.2;
				LD_RUNPATH_SEARCH_PATHS = (
					"$(inherited)",
					"@executable_path/Frameworks",
					"@loader_path/Frameworks",
				);
				PRODUCT_BUNDLE_IDENTIFIER = "com.example.MemeMe-V1-0Tests";
				PRODUCT_NAME = "$(TARGET_NAME)";
				SWIFT_VERSION = 5.0;
				TARGETED_DEVICE_FAMILY = "1,2";
				TEST_HOST = "$(BUILT_PRODUCTS_DIR)/MemeMe V2.0.app/MemeMe V2.0";
			};
			name = Debug;
		};
		842843FD24F4CE8300E50167 /* Release */ = {
			isa = XCBuildConfiguration;
			buildSettings = {
				ALWAYS_EMBED_SWIFT_STANDARD_LIBRARIES = YES;
				BUNDLE_LOADER = "$(TEST_HOST)";
				CODE_SIGN_STYLE = Automatic;
				DEVELOPMENT_TEAM = RGXV87MU63;
				INFOPLIST_FILE = "MemeMe V1.0Tests/Info.plist";
				IPHONEOS_DEPLOYMENT_TARGET = 13.2;
				LD_RUNPATH_SEARCH_PATHS = (
					"$(inherited)",
					"@executable_path/Frameworks",
					"@loader_path/Frameworks",
				);
				PRODUCT_BUNDLE_IDENTIFIER = "com.example.MemeMe-V1-0Tests";
				PRODUCT_NAME = "$(TARGET_NAME)";
				SWIFT_VERSION = 5.0;
				TARGETED_DEVICE_FAMILY = "1,2";
				TEST_HOST = "$(BUILT_PRODUCTS_DIR)/MemeMe V2.0.app/MemeMe V2.0";
			};
			name = Release;
		};
/* End XCBuildConfiguration section */

/* Begin XCConfigurationList section */
		842843D424F4CE8100E50167 /* Build configuration list for PBXProject "MemeMe V2.0" */ = {
			isa = XCConfigurationList;
			buildConfigurations = (
				842843F624F4CE8300E50167 /* Debug */,
				842843F724F4CE8300E50167 /* Release */,
			);
			defaultConfigurationIsVisible = 0;
			defaultConfigurationName = Release;
		};
		842843F824F4CE8300E50167 /* Build configuration list for PBXNativeTarget "MemeMe V2.0" */ = {
			isa = XCConfigurationList;
			buildConfigurations = (
				842843F924F4CE8300E50167 /* Debug */,
				842843FA24F4CE8300E50167 /* Release */,
			);
			defaultConfigurationIsVisible = 0;
			defaultConfigurationName = Release;
		};
		842843FB24F4CE8300E50167 /* Build configuration list for PBXNativeTarget "MemeMe V2.0Tests" */ = {
			isa = XCConfigurationList;
			buildConfigurations = (
				842843FC24F4CE8300E50167 /* Debug */,
				842843FD24F4CE8300E50167 /* Release */,
			);
			defaultConfigurationIsVisible = 0;
			defaultConfigurationName = Release;
		};
/* End XCConfigurationList section */
	};
	rootObject = 842843D124F4CE8100E50167 /* Project object */;
}
